{
  "requires": true,
  "lockfileVersion": 1,
  "dependencies": {
    "@material/animation": {
      "version": "0.34.0",
      "resolved": "https://registry.npmjs.org/@material/animation/-/animation-0.34.0.tgz",
      "integrity": "sha512-HKWU+pHda+xSIV0lwrTMOb/N005NIAV7+tvEEjTiLrQx74eO6J9nIjfCpZ0W4D8Kb9K90lgHFo0ZRC6yDTjizQ=="
    },
    "@material/base": {
      "version": "0.35.0",
      "resolved": "https://registry.npmjs.org/@material/base/-/base-0.35.0.tgz",
      "integrity": "sha512-PYuluVzcH8hxtionVvpTSygTENlgyOHvJ5ka7JfbCRQfXlxjV8zKYwhh9u/1HqA6y1OonG1oGFCaBHopbdsNEQ=="
    },
    "@material/floating-label": {
      "version": "0.38.0",
      "resolved": "https://registry.npmjs.org/@material/floating-label/-/floating-label-0.38.0.tgz",
      "integrity": "sha512-ga+7ELYrkiRYMHqkLOnCKaQUvGowMYXqML3I7hBhs3eEchTjx42U7bfTSqbfdiNG1F9+cOcSOWTKug2VOkYlkg==",
      "requires": {
        "@material/base": "0.35.0",
        "@material/rtl": "0.36.0",
        "@material/theme": "0.38.0",
        "@material/typography": "0.38.0"
      }
    },
    "@material/line-ripple": {
      "version": "0.38.0",
      "resolved": "https://registry.npmjs.org/@material/line-ripple/-/line-ripple-0.38.0.tgz",
      "integrity": "sha512-HdfU0J1Q3CT2Z/H4aBEKGRTd7K33WhhQkieI4NGGyKSx4uwiRyr61i44Oo+YHK+fVqPjh+aMSjQU3wAfu3vSvA==",
      "requires": {
        "@material/animation": "0.34.0",
        "@material/base": "0.35.0",
        "@material/theme": "0.38.0"
      }
    },
    "@material/notched-outline": {
      "version": "0.38.0",
      "resolved": "https://registry.npmjs.org/@material/notched-outline/-/notched-outline-0.38.0.tgz",
      "integrity": "sha512-XDTVXyQ2TR/9Qa66F1UYBSbf5f0IVFJFjiF8TXyIkoqrP6l7Wauj+UvJpinwCPk/6KoZtj29sh6ToGQiHdVIJA==",
      "requires": {
        "@material/animation": "0.34.0",
        "@material/base": "0.35.0",
        "@material/theme": "0.38.0"
      }
    },
    "@material/ripple": {
      "version": "0.38.0",
      "resolved": "https://registry.npmjs.org/@material/ripple/-/ripple-0.38.0.tgz",
      "integrity": "sha512-BGo8/nAC8BUe/n8m+KXlUn9VND8F9mrN6y3+W+lMhYUm3UA0B3ri8SRxBSgr4UgnWHv+kxnFWq7pcosAwqvu9A==",
      "requires": {
        "@material/animation": "0.34.0",
        "@material/base": "0.35.0",
        "@material/theme": "0.38.0"
      }
    },
    "@material/rtl": {
      "version": "0.36.0",
      "resolved": "https://registry.npmjs.org/@material/rtl/-/rtl-0.36.0.tgz",
      "integrity": "sha512-uCMwWGdKG0ooYh1kVINz7vTgSY++9wnvU3kOqjRdfOY+PZHWSa/X/EqRdE9Q1pUFwYlQeU2PXE/Z2dTK/nlziw=="
    },
    "@material/textfield": {
      "version": "0.38.0",
      "resolved": "https://registry.npmjs.org/@material/textfield/-/textfield-0.38.0.tgz",
      "integrity": "sha512-Ex2fy0uRAuTXm5+6OXS0XalljnVLjQ8gTvR2RE2xHm2KCqzGPIvZcQ8T5V9CkAteUE95jWVpc+vNHBtmG/UsdQ==",
      "requires": {
        "@material/animation": "0.34.0",
        "@material/base": "0.35.0",
        "@material/floating-label": "0.38.0",
        "@material/line-ripple": "0.38.0",
        "@material/notched-outline": "0.38.0",
        "@material/ripple": "0.38.0",
        "@material/rtl": "0.36.0",
        "@material/theme": "0.38.0",
        "@material/typography": "0.38.0"
      }
    },
    "@material/theme": {
      "version": "0.38.0",
      "resolved": "https://registry.npmjs.org/@material/theme/-/theme-0.38.0.tgz",
      "integrity": "sha512-mP5+qgICPm/0dD3hKa/hMd8AHerkAaLJgEsvBwTXi+N/kpPo9LIrHg40DvUGPs5w6KD9PUuskb3WGBvYcToHvA=="
    },
    "@material/typography": {
      "version": "0.38.0",
      "resolved": "https://registry.npmjs.org/@material/typography/-/typography-0.38.0.tgz",
      "integrity": "sha512-g2wigBZXSXwrZtibt6sbPO1eM2IROdo9Jk7ffGIb7GuYGLD92hWWzxusaOg4W/rcsBkWMdfquydRL3Q4HFnS2g=="
    }
  }
}
